
Microsoft Visual Studio Solution File, Format Version 12.00
# Visual Studio 2013
VisualStudioVersion = 12.0.31101.0
MinimumVisualStudioVersion = 10.0.40219.1
Project("{FAE04EC0-301F-11D3-BF4B-00C04F79EFBC}") = "NewsAggregator.Tests", "NewsAggregator.Tests\NewsAggregator.Tests.csproj", "{57B51774-22EB-4018-9AB6-575DE6D22ECE}"
EndProject
Project("{FAE04EC0-301F-11D3-BF4B-00C04F79EFBC}") = "NewsAggr", "NewsAggr\NewsAggr.csproj", "{BE9552D1-A127-4D2B-BD12-D0BA839EADC5}"
EndProject
Global
	GlobalSection(SolutionConfigurationPlatforms) = preSolution
		Debug|Any CPU = Debug|Any CPU
		Release|Any CPU = Release|Any CPU
	EndGlobalSection
	GlobalSection(ProjectConfigurationPlatforms) = postSolution
		{57B51774-22EB-4018-9AB6-575DE6D22ECE}.Debug|Any CPU.ActiveCfg = Debug|Any CPU
		{57B51774-22EB-4018-9AB6-575DE6D22ECE}.Debug|Any CPU.Build.0 = Debug|Any CPU
		{57B51774-22EB-4018-9AB6-575DE6D22ECE}.Release|Any CPU.ActiveCfg = Release|Any CPU
		{57B51774-22EB-4018-9AB6-575DE6D22ECE}.Release|Any CPU.Build.0 = Release|Any CPU
		{BE9552D1-A127-4D2B-BD12-D0BA839EADC5}.Debug|Any CPU.ActiveCfg = Debug|Any CPU
		{BE9552D1-A127-4D2B-BD12-D0BA839EADC5}.Debug|Any CPU.Build.0 = Debug|Any CPU
		{BE9552D1-A127-4D2B-BD12-D0BA839EADC5}.Release|Any CPU.ActiveCfg = Release|Any CPU
		{BE9552D1-A127-4D2B-BD12-D0BA839EADC5}.Release|Any CPU.Build.0 = Release|Any CPU
	EndGlobalSection
	GlobalSection(SolutionProperties) = preSolution
		HideSolutionNode = FALSE
	EndGlobalSection
EndGlobal
